
Microsoft Visual Studio Solution File, Format Version 12.00
# Visual Studio Version 16
VisualStudioVersion = 16.0.30804.86
MinimumVisualStudioVersion = 10.0.40219.1
Project("{9A19103F-16F7-4668-BE54-9A1E7A4F7556}") = "Remnants", "Remnants.csproj", "{2D179B5D-654D-4A3F-82FC-4ADED77439B9}"
EndProject
Global
	GlobalSection(SolutionConfigurationPlatforms) = preSolution
		Debug|Any CPU = Debug|Any CPU
		Release|Any CPU = Release|Any CPU
	EndGlobalSection
	GlobalSection(ProjectConfigurationPlatforms) = postSolution
		{2D179B5D-654D-4A3F-82FC-4ADED77439B9}.Debug|Any CPU.ActiveCfg = Debug|Any CPU
		{2D179B5D-654D-4A3F-82FC-4ADED77439B9}.Debug|Any CPU.Build.0 = Debug|Any CPU
		{2D179B5D-654D-4A3F-82FC-4ADED77439B9}.Release|Any CPU.ActiveCfg = Release|Any CPU
		{2D179B5D-654D-4A3F-82FC-4ADED77439B9}.Release|Any CPU.Build.0 = Release|Any CPU
	EndGlobalSection
	GlobalSection(SolutionProperties) = preSolution
		HideSolutionNode = FALSE
	EndGlobalSection
	GlobalSection(ExtensibilityGlobals) = postSolution
		SolutionGuid = {BD8D0B49-EA86-4C19-B238-060A0DFE2B9C}
	EndGlobalSection
EndGlobal
